
Microsoft Visual Studio Solution File, Format Version 12.00
# Visual Studio Version 17
VisualStudioVersion = 17.4.33110.190
MinimumVisualStudioVersion = 10.0.40219.1
Project("{FAE04EC0-301F-11D3-BF4B-00C04F79EFBC}") = "Imato.Converters", "Imato.Converters\Imato.Converters.csproj", "{00FD8A87-98C0-454E-B15D-8BEAAAF9568F}"
EndProject
Global
	GlobalSection(SolutionConfigurationPlatforms) = preSolution
		Debug|Any CPU = Debug|Any CPU
		Release|Any CPU = Release|Any CPU
	EndGlobalSection
	GlobalSection(ProjectConfigurationPlatforms) = postSolution
		{00FD8A87-98C0-454E-B15D-8BEAAAF9568F}.Debug|Any CPU.ActiveCfg = Debug|Any CPU
		{00FD8A87-98C0-454E-B15D-8BEAAAF9568F}.Debug|Any CPU.Build.0 = Debug|Any CPU
		{00FD8A87-98C0-454E-B15D-8BEAAAF9568F}.Release|Any CPU.ActiveCfg = Release|Any CPU
		{00FD8A87-98C0-454E-B15D-8BEAAAF9568F}.Release|Any CPU.Build.0 = Release|Any CPU
	EndGlobalSection
	GlobalSection(SolutionProperties) = preSolution
		HideSolutionNode = FALSE
	EndGlobalSection
	GlobalSection(ExtensibilityGlobals) = postSolution
		SolutionGuid = {45656475-6E3D-4116-9C16-E329B02F7FB8}
	EndGlobalSection
EndGlobal
